
Microsoft Visual Studio Solution File, Format Version 12.00
# Visual Studio Version 16
VisualStudioVersion = 16.0.29215.179
MinimumVisualStudioVersion = 10.0.40219.1
Project("{FAE04EC0-301F-11D3-BF4B-00C04F79EFBC}") = "Hello World", "Hello World\Hello World.csproj", "{56610589-5346-4B46-8880-5B0D4B4D83D0}"
EndProject
Global
	GlobalSection(SolutionConfigurationPlatforms) = preSolution
		Debug|Any CPU = Debug|Any CPU
		Release|Any CPU = Release|Any CPU
	EndGlobalSection
	GlobalSection(ProjectConfigurationPlatforms) = postSolution
		{56610589-5346-4B46-8880-5B0D4B4D83D0}.Debug|Any CPU.ActiveCfg = Debug|Any CPU
		{56610589-5346-4B46-8880-5B0D4B4D83D0}.Debug|Any CPU.Build.0 = Debug|Any CPU
		{56610589-5346-4B46-8880-5B0D4B4D83D0}.Release|Any CPU.ActiveCfg = Release|Any CPU
		{56610589-5346-4B46-8880-5B0D4B4D83D0}.Release|Any CPU.Build.0 = Release|Any CPU
	EndGlobalSection
	GlobalSection(SolutionProperties) = preSolution
		HideSolutionNode = FALSE
	EndGlobalSection
	GlobalSection(ExtensibilityGlobals) = postSolution
		SolutionGuid = {75F8D838-2AEA-4A49-BE58-DA3C224EF5E7}
	EndGlobalSection
EndGlobal
